
Microsoft Visual Studio Solution File, Format Version 12.00
# Visual Studio 2012
Project("{FAE04EC0-301F-11D3-BF4B-00C04F79EFBC}") = "Project1.Library", "Project1.Library\Project1.Library.csproj", "{AD19D95F-EFA7-4769-B478-3EB829AE5957}"
EndProject
Global
	GlobalSection(SolutionConfigurationPlatforms) = preSolution
		Debug|Any CPU = Debug|Any CPU
		Release|Any CPU = Release|Any CPU
	EndGlobalSection
	GlobalSection(ProjectConfigurationPlatforms) = postSolution
		{AD19D95F-EFA7-4769-B478-3EB829AE5957}.Debug|Any CPU.ActiveCfg = Debug|Any CPU
		{AD19D95F-EFA7-4769-B478-3EB829AE5957}.Debug|Any CPU.Build.0 = Debug|Any CPU
		{AD19D95F-EFA7-4769-B478-3EB829AE5957}.Release|Any CPU.ActiveCfg = Release|Any CPU
		{AD19D95F-EFA7-4769-B478-3EB829AE5957}.Release|Any CPU.Build.0 = Release|Any CPU
	EndGlobalSection
EndGlobal
